
Microsoft Visual Studio Solution File, Format Version 12.00
# Visual Studio 2013
VisualStudioVersion = 12.0.21005.1
MinimumVisualStudioVersion = 10.0.40219.1
Project("{6989167D-11E4-40FE-8C1A-2192A86A7E90}") = "test1", "test1\test1.vfproj", "{45678D1D-A939-4267-AB93-9F2DEC59BB15}"
EndProject
Global
	GlobalSection(SolutionConfigurationPlatforms) = preSolution
		Debug|Win32 = Debug|Win32
		Release|Win32 = Release|Win32
	EndGlobalSection
	GlobalSection(ProjectConfigurationPlatforms) = postSolution
		{45678D1D-A939-4267-AB93-9F2DEC59BB15}.Debug|Win32.ActiveCfg = Debug|Win32
		{45678D1D-A939-4267-AB93-9F2DEC59BB15}.Debug|Win32.Build.0 = Debug|Win32
		{45678D1D-A939-4267-AB93-9F2DEC59BB15}.Release|Win32.ActiveCfg = Release|Win32
		{45678D1D-A939-4267-AB93-9F2DEC59BB15}.Release|Win32.Build.0 = Release|Win32
	EndGlobalSection
	GlobalSection(SolutionProperties) = preSolution
		HideSolutionNode = FALSE
	EndGlobalSection
EndGlobal
